
Microsoft Visual Studio Solution File, Format Version 12.00
# Visual Studio 15
VisualStudioVersion = 15.0.27004.2005
MinimumVisualStudioVersion = 10.0.40219.1
Project("{FAE04EC0-301F-11D3-BF4B-00C04F79EFBC}") = "RLMS NEW", "RLMS NEW\RLMS NEW.csproj", "{DC5E297E-486D-4B5E-855E-3F65E2B9B755}"
EndProject
Global
	GlobalSection(SolutionConfigurationPlatforms) = preSolution
		Debug|Any CPU = Debug|Any CPU
		Release|Any CPU = Release|Any CPU
	EndGlobalSection
	GlobalSection(ProjectConfigurationPlatforms) = postSolution
		{DC5E297E-486D-4B5E-855E-3F65E2B9B755}.Debug|Any CPU.ActiveCfg = Debug|Any CPU
		{DC5E297E-486D-4B5E-855E-3F65E2B9B755}.Debug|Any CPU.Build.0 = Debug|Any CPU
		{DC5E297E-486D-4B5E-855E-3F65E2B9B755}.Release|Any CPU.ActiveCfg = Release|Any CPU
		{DC5E297E-486D-4B5E-855E-3F65E2B9B755}.Release|Any CPU.Build.0 = Release|Any CPU
	EndGlobalSection
	GlobalSection(SolutionProperties) = preSolution
		HideSolutionNode = FALSE
	EndGlobalSection
	GlobalSection(ExtensibilityGlobals) = postSolution
		SolutionGuid = {CB857EAE-AA50-43D6-8F05-F095D4F18CC9}
	EndGlobalSection
EndGlobal
